// !$*UTF8*$!
{
	archiveVersion = 1;
	classes = {
	};
	objectVersion = 50;
	objects = {

/* Begin PBXBuildFile section */
		D9C02BE620CA2F5D00C22613 /* AppDelegate.swift in Sources */ = {isa = PBXBuildFile; fileRef = D9C02BE520CA2F5D00C22613 /* AppDelegate.swift */; };
		D9C02BE820CA2F5D00C22613 /* ViewController.swift in Sources */ = {isa = PBXBuildFile; fileRef = D9C02BE720CA2F5D00C22613 /* ViewController.swift */; };
		D9C02BEB20CA2F5D00C22613 /* Main.storyboard in Resources */ = {isa = PBXBuildFile; fileRef = D9C02BE920CA2F5D00C22613 /* Main.storyboard */; };
		D9C02BED20CA2F5E00C22613 /* Assets.xcassets in Resources */ = {isa = PBXBuildFile; fileRef = D9C02BEC20CA2F5E00C22613 /* Assets.xcassets */; };
		D9C02BF020CA2F5E00C22613 /* LaunchScreen.storyboard in Resources */ = {isa = PBXBuildFile; fileRef = D9C02BEE20CA2F5E00C22613 /* LaunchScreen.storyboard */; };
		D9C02BFB20CA2F5F00C22613 /* _ARTHCitySearchTests.swift in Sources */ = {isa = PBXBuildFile; fileRef = D9C02BFA20CA2F5F00C22613 /* _ARTHCitySearchTests.swift */; };
/* End PBXBuildFile section */

/* Begin PBXContainerItemProxy section */
		D9C02BF720CA2F5F00C22613 /* PBXContainerItemProxy */ = {
			isa = PBXContainerItemProxy;
			containerPortal = D9C02BDA20CA2F5D00C22613 /* Project object */;
			proxyType = 1;
			remoteGlobalIDString = D9C02BE120CA2F5D00C22613;
			remoteInfo = 3ARTHCitySearch;
		};
/* End PBXContainerItemProxy section */

/* Begin PBXFileReference section */
		D9C02BE220CA2F5D00C22613 /* 3ARTHCitySearch.app */ = {isa = PBXFileReference; explicitFileType = wrapper.application; includeInIndex = 0; path = 3ARTHCitySearch.app; sourceTree = BUILT_PRODUCTS_DIR; };
		D9C02BE520CA2F5D00C22613 /* AppDelegate.swift */ = {isa = PBXFileReference; lastKnownFileType = sourcecode.swift; path = AppDelegate.swift; sourceTree = "<group>"; };
		D9C02BE720CA2F5D00C22613 /* ViewController.swift */ = {isa = PBXFileReference; lastKnownFileType = sourcecode.swift; path = ViewController.swift; sourceTree = "<group>"; };
		D9C02BEA20CA2F5D00C22613 /* Base */ = {isa = PBXFileReference; lastKnownFileType = file.storyboard; name = Base; path = Base.lproj/Main.storyboard; sourceTree = "<group>"; };
		D9C02BEC20CA2F5E00C22613 /* Assets.xcassets */ = {isa = PBXFileReference; lastKnownFileType = folder.assetcatalog; path = Assets.xcassets; sourceTree = "<group>"; };
		D9C02BEF20CA2F5E00C22613 /* Base */ = {isa = PBXFileReference; lastKnownFileType = file.storyboard; name = Base; path = Base.lproj/LaunchScreen.storyboard; sourceTree = "<group>"; };
		D9C02BF120CA2F5E00C22613 /* Info.plist */ = {isa = PBXFileReference; lastKnownFileType = text.plist.xml; path = Info.plist; sourceTree = "<group>"; };
		D9C02BF620CA2F5E00C22613 /* 3ARTHCitySearchTests.xctest */ = {isa = PBXFileReference; explicitFileType = wrapper.cfbundle; includeInIndex = 0; path = 3ARTHCitySearchTests.xctest; sourceTree = BUILT_PRODUCTS_DIR; };
		D9C02BFA20CA2F5F00C22613 /* _ARTHCitySearchTests.swift */ = {isa = PBXFileReference; lastKnownFileType = sourcecode.swift; path = _ARTHCitySearchTests.swift; sourceTree = "<group>"; };
		D9C02BFC20CA2F5F00C22613 /* Info.plist */ = {isa = PBXFileReference; lastKnownFileType = text.plist.xml; path = Info.plist; sourceTree = "<group>"; };
/* End PBXFileReference section */

/* Begin PBXFrameworksBuildPhase section */
		D9C02BDF20CA2F5D00C22613 /* Frameworks */ = {
			isa = PBXFrameworksBuildPhase;
			buildActionMask = 2147483647;
			files = (
			);
			runOnlyForDeploymentPostprocessing = 0;
		};
		D9C02BF320CA2F5E00C22613 /* Frameworks */ = {
			isa = PBXFrameworksBuildPhase;
			buildActionMask = 2147483647;
			files = (
			);
			runOnlyForDeploymentPostprocessing = 0;
		};
/* End PBXFrameworksBuildPhase section */

/* Begin PBXGroup section */
		D9C02BD920CA2F5D00C22613 = {
			isa = PBXGroup;
			children = (
				D9C02BE420CA2F5D00C22613 /* 3ARTHCitySearch */,
				D9C02BF920CA2F5F00C22613 /* 3ARTHCitySearchTests */,
				D9C02BE320CA2F5D00C22613 /* Products */,
			);
			sourceTree = "<group>";
		};
		D9C02BE320CA2F5D00C22613 /* Products */ = {
			isa = PBXGroup;
			children = (
				D9C02BE220CA2F5D00C22613 /* 3ARTHCitySearch.app */,
				D9C02BF620CA2F5E00C22613 /* 3ARTHCitySearchTests.xctest */,
			);
			name = Products;
			sourceTree = "<group>";
		};
		D9C02BE420CA2F5D00C22613 /* 3ARTHCitySearch */ = {
			isa = PBXGroup;
			children = (
				D9C02BE520CA2F5D00C22613 /* AppDelegate.swift */,
				D9C02BE720CA2F5D00C22613 /* ViewController.swift */,
				D9C02BE920CA2F5D00C22613 /* Main.storyboard */,
				D9C02BEC20CA2F5E00C22613 /* Assets.xcassets */,
				D9C02BEE20CA2F5E00C22613 /* LaunchScreen.storyboard */,
				D9C02BF120CA2F5E00C22613 /* Info.plist */,
			);
			path = 3ARTHCitySearch;
			sourceTree = "<group>";
		};
		D9C02BF920CA2F5F00C22613 /* 3ARTHCitySearchTests */ = {
			isa = PBXGroup;
			children = (
				D9C02BFA20CA2F5F00C22613 /* _ARTHCitySearchTests.swift */,
				D9C02BFC20CA2F5F00C22613 /* Info.plist */,
			);
			path = 3ARTHCitySearchTests;
			sourceTree = "<group>";
		};
/* End PBXGroup section */

/* Begin PBXNativeTarget section */
		D9C02BE120CA2F5D00C22613 /* 3ARTHCitySearch */ = {
			isa = PBXNativeTarget;
			buildConfigurationList = D9C02BFF20CA2F5F00C22613 /* Build configuration list for PBXNativeTarget "3ARTHCitySearch" */;
			buildPhases = (
				D9C02BDE20CA2F5D00C22613 /* Sources */,
				D9C02BDF20CA2F5D00C22613 /* Frameworks */,
				D9C02BE020CA2F5D00C22613 /* Resources */,
			);
			buildRules = (
			);
			dependencies = (
			);
			name = 3ARTHCitySearch;
			productName = 3ARTHCitySearch;
			productReference = D9C02BE220CA2F5D00C22613 /* 3ARTHCitySearch.app */;
			productType = "com.apple.product-type.application";
		};
		D9C02BF520CA2F5E00C22613 /* 3ARTHCitySearchTests */ = {
			isa = PBXNativeTarget;
			buildConfigurationList = D9C02C0220CA2F5F00C22613 /* Build configuration list for PBXNativeTarget "3ARTHCitySearchTests" */;
			buildPhases = (
				D9C02BF220CA2F5E00C22613 /* Sources */,
				D9C02BF320CA2F5E00C22613 /* Frameworks */,
				D9C02BF420CA2F5E00C22613 /* Resources */,
			);
			buildRules = (
			);
			dependencies = (
				D9C02BF820CA2F5F00C22613 /* PBXTargetDependency */,
			);
			name = 3ARTHCitySearchTests;
			productName = 3ARTHCitySearchTests;
			productReference = D9C02BF620CA2F5E00C22613 /* 3ARTHCitySearchTests.xctest */;
			productType = "com.apple.product-type.bundle.unit-test";
		};
/* End PBXNativeTarget section */

/* Begin PBXProject section */
		D9C02BDA20CA2F5D00C22613 /* Project object */ = {
			isa = PBXProject;
			attributes = {
				LastSwiftUpdateCheck = 0940;
				LastUpgradeCheck = 0940;
				ORGANIZATIONNAME = 4Backbase;
				TargetAttributes = {
					D9C02BE120CA2F5D00C22613 = {
						CreatedOnToolsVersion = 9.4;
					};
					D9C02BF520CA2F5E00C22613 = {
						CreatedOnToolsVersion = 9.4;
						TestTargetID = D9C02BE120CA2F5D00C22613;
					};
				};
			};
			buildConfigurationList = D9C02BDD20CA2F5D00C22613 /* Build configuration list for PBXProject "3ARTHCitySearch" */;
			compatibilityVersion = "Xcode 9.3";
			developmentRegion = en;
			hasScannedForEncodings = 0;
			knownRegions = (
				en,
				Base,
			);
			mainGroup = D9C02BD920CA2F5D00C22613;
			productRefGroup = D9C02BE320CA2F5D00C22613 /* Products */;
			projectDirPath = "";
			projectRoot = "";
			targets = (
				D9C02BE120CA2F5D00C22613 /* 3ARTHCitySearch */,
				D9C02BF520CA2F5E00C22613 /* 3ARTHCitySearchTests */,
			);
		};
/* End PBXProject section */

/* Begin PBXResourcesBuildPhase section */
		D9C02BE020CA2F5D00C22613 /* Resources */ = {
			isa = PBXResourcesBuildPhase;
			buildActionMask = 2147483647;
			files = (
				D9C02BF020CA2F5E00C22613 /* LaunchScreen.storyboard in Resources */,
				D9C02BED20CA2F5E00C22613 /* Assets.xcassets in Resources */,
				D9C02BEB20CA2F5D00C22613 /* Main.storyboard in Resources */,
			);
			runOnlyForDeploymentPostprocessing = 0;
		};
		D9C02BF420CA2F5E00C22613 /* Resources */ = {
			isa = PBXResourcesBuildPhase;
			buildActionMask = 2147483647;
			files = (
			);
			runOnlyForDeploymentPostprocessing = 0;
		};
/* End PBXResourcesBuildPhase section */

/* Begin PBXSourcesBuildPhase section */
		D9C02BDE20CA2F5D00C22613 /* Sources */ = {
			isa = PBXSourcesBuildPhase;
			buildActionMask = 2147483647;
			files = (
				D9C02BE820CA2F5D00C22613 /* ViewController.swift in Sources */,
				D9C02BE620CA2F5D00C22613 /* AppDelegate.swift in Sources */,
			);
			runOnlyForDeploymentPostprocessing = 0;
		};
		D9C02BF220CA2F5E00C22613 /* Sources */ = {
			isa = PBXSourcesBuildPhase;
			buildActionMask = 2147483647;
			files = (
				D9C02BFB20CA2F5F00C22613 /* _ARTHCitySearchTests.swift in Sources */,
			);
			runOnlyForDeploymentPostprocessing = 0;
		};
/* End PBXSourcesBuildPhase section */

/* Begin PBXTargetDependency section */
		D9C02BF820CA2F5F00C22613 /* PBXTargetDependency */ = {
			isa = PBXTargetDependency;
			target = D9C02BE120CA2F5D00C22613 /* 3ARTHCitySearch */;
			targetProxy = D9C02BF720CA2F5F00C22613 /* PBXContainerItemProxy */;
		};
/* End PBXTargetDependency section */

/* Begin PBXVariantGroup section */
		D9C02BE920CA2F5D00C22613 /* Main.storyboard */ = {
			isa = PBXVariantGroup;
			children = (
				D9C02BEA20CA2F5D00C22613 /* Base */,
			);
			name = Main.storyboard;
			sourceTree = "<group>";
		};
		D9C02BEE20CA2F5E00C22613 /* LaunchScreen.storyboard */ = {
			isa = PBXVariantGroup;
			children = (
				D9C02BEF20CA2F5E00C22613 /* Base */,
			);
			name = LaunchScreen.storyboard;
			sourceTree = "<group>";
		};
/* End PBXVariantGroup section */

/* Begin XCBuildConfiguration section */
		D9C02BFD20CA2F5F00C22613 /* Debug */ = {
			isa = XCBuildConfiguration;
			buildSettings = {
				ALWAYS_SEARCH_USER_PATHS = NO;
				CLANG_ANALYZER_NONNULL = YES;
				CLANG_ANALYZER_NUMBER_OBJECT_CONVERSION = YES_AGGRESSIVE;
				CLANG_CXX_LANGUAGE_STANDARD = "gnu++14";
				CLANG_CXX_LIBRARY = "libc++";
				CLANG_ENABLE_MODULES = YES;
				CLANG_ENABLE_OBJC_ARC = YES;
				CLANG_ENABLE_OBJC_WEAK = YES;
				CLANG_WARN_BLOCK_CAPTURE_AUTORELEASING = YES;
				CLANG_WARN_BOOL_CONVERSION = YES;
				CLANG_WARN_COMMA = YES;
				CLANG_WARN_CONSTANT_CONVERSION = YES;
				CLANG_WARN_DEPRECATED_OBJC_IMPLEMENTATIONS = YES;
				CLANG_WARN_DIRECT_OBJC_ISA_USAGE = YES_ERROR;
				CLANG_WARN_DOCUMENTATION_COMMENTS = YES;
				CLANG_WARN_EMPTY_BODY = YES;
				CLANG_WARN_ENUM_CONVERSION = YES;
				CLANG_WARN_INFINITE_RECURSION = YES;
				CLANG_WARN_INT_CONVERSION = YES;
				CLANG_WARN_NON_LITERAL_NULL_CONVERSION = YES;
				CLANG_WARN_OBJC_IMPLICIT_RETAIN_SELF = YES;
				CLANG_WARN_OBJC_LITERAL_CONVERSION = YES;
				CLANG_WARN_OBJC_ROOT_CLASS = YES_ERROR;
				CLANG_WARN_RANGE_LOOP_ANALYSIS = YES;
				CLANG_WARN_STRICT_PROTOTYPES = YES;
				CLANG_WARN_SUSPICIOUS_MOVE = YES;
				CLANG_WARN_UNGUARDED_AVAILABILITY = YES_AGGRESSIVE;
				CLANG_WARN_UNREACHABLE_CODE = YES;
				CLANG_WARN__DUPLICATE_METHOD_MATCH = YES;
				CODE_SIGN_IDENTITY = "iPhone Developer";
				COPY_PHASE_STRIP = NO;
				DEBUG_INFORMATION_FORMAT = dwarf;
				ENABLE_STRICT_OBJC_MSGSEND = YES;
				ENABLE_TESTABILITY = YES;
				GCC_C_LANGUAGE_STANDARD = gnu11;
				GCC_DYNAMIC_NO_PIC = NO;
				GCC_NO_COMMON_BLOCKS = YES;
				GCC_OPTIMIZATION_LEVEL = 0;
				GCC_PREPROCESSOR_DEFINITIONS = (
					"DEBUG=1",
					"$(inherited)",
				);
				GCC_WARN_64_TO_32_BIT_CONVERSION = YES;
				GCC_WARN_ABOUT_RETURN_TYPE = YES_ERROR;
				GCC_WARN_UNDECLARED_SELECTOR = YES;
				GCC_WARN_UNINITIALIZED_AUTOS = YES_AGGRESSIVE;
				GCC_WARN_UNUSED_FUNCTION = YES;
				GCC_WARN_UNUSED_VARIABLE = YES;
				IPHONEOS_DEPLOYMENT_TARGET = 11.4;
				MTL_ENABLE_DEBUG_INFO = YES;
				ONLY_ACTIVE_ARCH = YES;
				SDKROOT = iphoneos;
				SWIFT_ACTIVE_COMPILATION_CONDITIONS = DEBUG;
				SWIFT_OPTIMIZATION_LEVEL = "-Onone";
			};
			name = Debug;
		};
		D9C02BFE20CA2F5F00C22613 /* Release */ = {
			isa = XCBuildConfiguration;
			buildSettings = {
				ALWAYS_SEARCH_USER_PATHS = NO;
				CLANG_ANALYZER_NONNULL = YES;
				CLANG_ANALYZER_NUMBER_OBJECT_CONVERSION = YES_AGGRESSIVE;
				CLANG_CXX_LANGUAGE_STANDARD = "gnu++14";
				CLANG_CXX_LIBRARY = "libc++";
				CLANG_ENABLE_MODULES = YES;
				CLANG_ENABLE_OBJC_ARC = YES;
				CLANG_ENABLE_OBJC_WEAK = YES;
				CLANG_WARN_BLOCK_CAPTURE_AUTORELEASING = YES;
				CLANG_WARN_BOOL_CONVERSION = YES;
				CLANG_WARN_COMMA = YES;
				CLANG_WARN_CONSTANT_CONVERSION = YES;
				CLANG_WARN_DEPRECATED_OBJC_IMPLEMENTATIONS = YES;
				CLANG_WARN_DIRECT_OBJC_ISA_USAGE = YES_ERROR;
				CLANG_WARN_DOCUMENTATION_COMMENTS = YES;
				CLANG_WARN_EMPTY_BODY = YES;
				CLANG_WARN_ENUM_CONVERSION = YES;
				CLANG_WARN_INFINITE_RECURSION = YES;
				CLANG_WARN_INT_CONVERSION = YES;
				CLANG_WARN_NON_LITERAL_NULL_CONVERSION = YES;
				CLANG_WARN_OBJC_IMPLICIT_RETAIN_SELF = YES;
				CLANG_WARN_OBJC_LITERAL_CONVERSION = YES;
				CLANG_WARN_OBJC_ROOT_CLASS = YES_ERROR;
				CLANG_WARN_RANGE_LOOP_ANALYSIS = YES;
				CLANG_WARN_STRICT_PROTOTYPES = YES;
				CLANG_WARN_SUSPICIOUS_MOVE = YES;
				CLANG_WARN_UNGUARDED_AVAILABILITY = YES_AGGRESSIVE;
				CLANG_WARN_UNREACHABLE_CODE = YES;
				CLANG_WARN__DUPLICATE_METHOD_MATCH = YES;
				CODE_SIGN_IDENTITY = "iPhone Developer";
				COPY_PHASE_STRIP = NO;
				DEBUG_INFORMATION_FORMAT = "dwarf-with-dsym";
				ENABLE_NS_ASSERTIONS = NO;
				ENABLE_STRICT_OBJC_MSGSEND = YES;
				GCC_C_LANGUAGE_STANDARD = gnu11;
				GCC_NO_COMMON_BLOCKS = YES;
				GCC_WARN_64_TO_32_BIT_CONVERSION = YES;
				GCC_WARN_ABOUT_RETURN_TYPE = YES_ERROR;
				GCC_WARN_UNDECLARED_SELECTOR = YES;
				GCC_WARN_UNINITIALIZED_AUTOS = YES_AGGRESSIVE;
				GCC_WARN_UNUSED_FUNCTION = YES;
				GCC_WARN_UNUSED_VARIABLE = YES;
				IPHONEOS_DEPLOYMENT_TARGET = 11.4;
				MTL_ENABLE_DEBUG_INFO = NO;
				SDKROOT = iphoneos;
				SWIFT_COMPILATION_MODE = wholemodule;
				SWIFT_OPTIMIZATION_LEVEL = "-O";
				VALIDATE_PRODUCT = YES;
			};
			name = Release;
		};
		D9C02C0020CA2F5F00C22613 /* Debug */ = {
			isa = XCBuildConfiguration;
			buildSettings = {
				ASSETCATALOG_COMPILER_APPICON_NAME = AppIcon;
				CODE_SIGN_STYLE = Automatic;
				DEVELOPMENT_TEAM = X557HAPU2P;
				INFOPLIST_FILE = 3ARTHCitySearch/Info.plist;
				LD_RUNPATH_SEARCH_PATHS = (
					"$(inherited)",
					"@executable_path/Frameworks",
				);
				PRODUCT_BUNDLE_IDENTIFIER = "com.3ARTHCitySearch.3CSApp.-ARTHCitySearch";
				PRODUCT_NAME = "$(TARGET_NAME)";
				SWIFT_VERSION = 4.0;
				TARGETED_DEVICE_FAMILY = "1,2";
			};
			name = Debug;
		};
		D9C02C0120CA2F5F00C22613 /* Release */ = {
			isa = XCBuildConfiguration;
			buildSettings = {
				ASSETCATALOG_COMPILER_APPICON_NAME = AppIcon;
				CODE_SIGN_STYLE = Automatic;
				DEVELOPMENT_TEAM = X557HAPU2P;
				INFOPLIST_FILE = 3ARTHCitySearch/Info.plist;
				LD_RUNPATH_SEARCH_PATHS = (
					"$(inherited)",
					"@executable_path/Frameworks",
				);
				PRODUCT_BUNDLE_IDENTIFIER = "com.3ARTHCitySearch.3CSApp.-ARTHCitySearch";
				PRODUCT_NAME = "$(TARGET_NAME)";
				SWIFT_VERSION = 4.0;
				TARGETED_DEVICE_FAMILY = "1,2";
			};
			name = Release;
		};
		D9C02C0320CA2F5F00C22613 /* Debug */ = {
			isa = XCBuildConfiguration;
			buildSettings = {
				ALWAYS_EMBED_SWIFT_STANDARD_LIBRARIES = YES;
				BUNDLE_LOADER = "$(TEST_HOST)";
				CODE_SIGN_STYLE = Automatic;
				DEVELOPMENT_TEAM = X557HAPU2P;
				INFOPLIST_FILE = 3ARTHCitySearchTests/Info.plist;
				LD_RUNPATH_SEARCH_PATHS = (
					"$(inherited)",
					"@executable_path/Frameworks",
					"@loader_path/Frameworks",
				);
				PRODUCT_BUNDLE_IDENTIFIER = "com.3ARTHCitySearch.3CSApp.-ARTHCitySearchTests";
				PRODUCT_NAME = "$(TARGET_NAME)";
				SWIFT_VERSION = 4.0;
				TARGETED_DEVICE_FAMILY = "1,2";
				TEST_HOST = "$(BUILT_PRODUCTS_DIR)/3ARTHCitySearch.app/3ARTHCitySearch";
			};
			name = Debug;
		};
		D9C02C0420CA2F5F00C22613 /* Release */ = {
			isa = XCBuildConfiguration;
			buildSettings = {
				ALWAYS_EMBED_SWIFT_STANDARD_LIBRARIES = YES;
				BUNDLE_LOADER = "$(TEST_HOST)";
				CODE_SIGN_STYLE = Automatic;
				DEVELOPMENT_TEAM = X557HAPU2P;
				INFOPLIST_FILE = 3ARTHCitySearchTests/Info.plist;
				LD_RUNPATH_SEARCH_PATHS = (
					"$(inherited)",
					"@executable_path/Frameworks",
					"@loader_path/Frameworks",
				);
				PRODUCT_BUNDLE_IDENTIFIER = "com.3ARTHCitySearch.3CSApp.-ARTHCitySearchTests";
				PRODUCT_NAME = "$(TARGET_NAME)";
				SWIFT_VERSION = 4.0;
				TARGETED_DEVICE_FAMILY = "1,2";
				TEST_HOST = "$(BUILT_PRODUCTS_DIR)/3ARTHCitySearch.app/3ARTHCitySearch";
			};
			name = Release;
		};
/* End XCBuildConfiguration section */

/* Begin XCConfigurationList section */
		D9C02BDD20CA2F5D00C22613 /* Build configuration list for PBXProject "3ARTHCitySearch" */ = {
			isa = XCConfigurationList;
			buildConfigurations = (
				D9C02BFD20CA2F5F00C22613 /* Debug */,
				D9C02BFE20CA2F5F00C22613 /* Release */,
			);
			defaultConfigurationIsVisible = 0;
			defaultConfigurationName = Release;
		};
		D9C02BFF20CA2F5F00C22613 /* Build configuration list for PBXNativeTarget "3ARTHCitySearch" */ = {
			isa = XCConfigurationList;
			buildConfigurations = (
				D9C02C0020CA2F5F00C22613 /* Debug */,
				D9C02C0120CA2F5F00C22613 /* Release */,
			);
			defaultConfigurationIsVisible = 0;
			defaultConfigurationName = Release;
		};
		D9C02C0220CA2F5F00C22613 /* Build configuration list for PBXNativeTarget "3ARTHCitySearchTests" */ = {
			isa = XCConfigurationList;
			buildConfigurations = (
				D9C02C0320CA2F5F00C22613 /* Debug */,
				D9C02C0420CA2F5F00C22613 /* Release */,
			);
			defaultConfigurationIsVisible = 0;
			defaultConfigurationName = Release;
		};
/* End XCConfigurationList section */
	};
	rootObject = D9C02BDA20CA2F5D00C22613 /* Project object */;
}
